
Microsoft Visual Studio Solution File, Format Version 12.00
# Visual Studio Version 17
VisualStudioVersion = 17.12.35707.178 d17.12
MinimumVisualStudioVersion = 10.0.40219.1
Project("{FAE04EC0-301F-11D3-BF4B-00C04F79EFBC}") = "Citirea unui șir de numere până când un număr se termină cu două zerouri", "Citirea unui șir de numere până când un număr se termină cu două zerouri.csproj", "{74EAB1FF-18F6-4930-802F-F7FFBF718115}"
EndProject
Global
	GlobalSection(SolutionConfigurationPlatforms) = preSolution
		Debug|Any CPU = Debug|Any CPU
		Release|Any CPU = Release|Any CPU
	EndGlobalSection
	GlobalSection(ProjectConfigurationPlatforms) = postSolution
		{74EAB1FF-18F6-4930-802F-F7FFBF718115}.Debug|Any CPU.ActiveCfg = Debug|Any CPU
		{74EAB1FF-18F6-4930-802F-F7FFBF718115}.Debug|Any CPU.Build.0 = Debug|Any CPU
		{74EAB1FF-18F6-4930-802F-F7FFBF718115}.Release|Any CPU.ActiveCfg = Release|Any CPU
		{74EAB1FF-18F6-4930-802F-F7FFBF718115}.Release|Any CPU.Build.0 = Release|Any CPU
	EndGlobalSection
	GlobalSection(SolutionProperties) = preSolution
		HideSolutionNode = FALSE
	EndGlobalSection
EndGlobal
