
Microsoft Visual Studio Solution File, Format Version 12.00
# Visual Studio Version 17
VisualStudioVersion = 17.12.35707.178 d17.12
MinimumVisualStudioVersion = 10.0.40219.1
Project("{FAE04EC0-301F-11D3-BF4B-00C04F79EFBC}") = "Classes and Objects", "Classes and Objects.csproj", "{47F55525-9D6A-4AE3-BE1C-216468E0C6AF}"
EndProject
Global
	GlobalSection(SolutionConfigurationPlatforms) = preSolution
		Debug|Any CPU = Debug|Any CPU
		Release|Any CPU = Release|Any CPU
	EndGlobalSection
	GlobalSection(ProjectConfigurationPlatforms) = postSolution
		{47F55525-9D6A-4AE3-BE1C-216468E0C6AF}.Debug|Any CPU.ActiveCfg = Debug|Any CPU
		{47F55525-9D6A-4AE3-BE1C-216468E0C6AF}.Debug|Any CPU.Build.0 = Debug|Any CPU
		{47F55525-9D6A-4AE3-BE1C-216468E0C6AF}.Release|Any CPU.ActiveCfg = Release|Any CPU
		{47F55525-9D6A-4AE3-BE1C-216468E0C6AF}.Release|Any CPU.Build.0 = Release|Any CPU
	EndGlobalSection
	GlobalSection(SolutionProperties) = preSolution
		HideSolutionNode = FALSE
	EndGlobalSection
EndGlobal
